
Microsoft Visual Studio Solution File, Format Version 12.00
# Visual Studio Version 17
VisualStudioVersion = 17.5.33516.290
MinimumVisualStudioVersion = 10.0.40219.1
Project("{FAE04EC0-301F-11D3-BF4B-00C04F79EFBC}") = "ProfessoresApi", "ProfessoresApi.csproj", "{D8159FF6-E5A8-45F3-A7CF-A3636CC544BC}"
EndProject
Global
	GlobalSection(SolutionConfigurationPlatforms) = preSolution
		Debug|Any CPU = Debug|Any CPU
		Release|Any CPU = Release|Any CPU
	EndGlobalSection
	GlobalSection(ProjectConfigurationPlatforms) = postSolution
		{D8159FF6-E5A8-45F3-A7CF-A3636CC544BC}.Debug|Any CPU.ActiveCfg = Debug|Any CPU
		{D8159FF6-E5A8-45F3-A7CF-A3636CC544BC}.Debug|Any CPU.Build.0 = Debug|Any CPU
		{D8159FF6-E5A8-45F3-A7CF-A3636CC544BC}.Release|Any CPU.ActiveCfg = Release|Any CPU
		{D8159FF6-E5A8-45F3-A7CF-A3636CC544BC}.Release|Any CPU.Build.0 = Release|Any CPU
	EndGlobalSection
	GlobalSection(SolutionProperties) = preSolution
		HideSolutionNode = FALSE
	EndGlobalSection
	GlobalSection(ExtensibilityGlobals) = postSolution
		SolutionGuid = {FAE50AB1-673A-4B00-A6A7-25618EF31665}
	EndGlobalSection
EndGlobal
